
Microsoft Visual Studio Solution File, Format Version 12.00
# Visual Studio Version 16
VisualStudioVersion = 16.0.30413.136
MinimumVisualStudioVersion = 10.0.40219.1
Project("{8BC9CEB8-8B4A-11D0-8D11-00A0C91BC942}") = "WindowsKernelProgramming", "WindowsKernelProgramming.vcxproj", "{F4E5DA05-6056-4DEC-8591-B74CA58D5A77}"
EndProject
Project("{8BC9CEB8-8B4A-11D0-8D11-00A0C91BC942}") = "Chapter2", "Chapter2\Chapter2.vcxproj", "{BDCA797F-BB6A-4EE2-8A37-6F21D350E328}"
EndProject
Project("{8BC9CEB8-8B4A-11D0-8D11-00A0C91BC942}") = "Chapter4", "Chapter4\Chapter4.vcxproj", "{E1D49F13-11F6-428E-A90C-52E3AAF6C0BC}"
EndProject
Project("{8BC9CEB8-8B4A-11D0-8D11-00A0C91BC942}") = "Chapter4Helper", "Chapter4Helper\Chapter4Helper.vcxproj", "{BEF260BF-AF49-4DD5-ADB4-F5DBF7359AC1}"
EndProject
Project("{8BC9CEB8-8B4A-11D0-8D11-00A0C91BC942}") = "Chapter6", "Chapter6\Chapter6.vcxproj", "{CF833A22-E5A6-45C8-B6CE-0E0B3CBBD933}"
EndProject
Project("{8BC9CEB8-8B4A-11D0-8D11-00A0C91BC942}") = "Chapter7", "Chapter7\Chapter7.vcxproj", "{6473FB6A-B9CE-4B1C-957A-8B42E9E180B9}"
EndProject
Global
	GlobalSection(SolutionConfigurationPlatforms) = preSolution
		Debug|ARM = Debug|ARM
		Debug|ARM64 = Debug|ARM64
		Debug|x64 = Debug|x64
		Debug|x86 = Debug|x86
		Release|ARM = Release|ARM
		Release|ARM64 = Release|ARM64
		Release|x64 = Release|x64
		Release|x86 = Release|x86
	EndGlobalSection
	GlobalSection(ProjectConfigurationPlatforms) = postSolution
		{F4E5DA05-6056-4DEC-8591-B74CA58D5A77}.Debug|ARM.ActiveCfg = Debug|ARM
		{F4E5DA05-6056-4DEC-8591-B74CA58D5A77}.Debug|ARM.Build.0 = Debug|ARM
		{F4E5DA05-6056-4DEC-8591-B74CA58D5A77}.Debug|ARM.Deploy.0 = Debug|ARM
		{F4E5DA05-6056-4DEC-8591-B74CA58D5A77}.Debug|ARM64.ActiveCfg = Debug|ARM64
		{F4E5DA05-6056-4DEC-8591-B74CA58D5A77}.Debug|ARM64.Build.0 = Debug|ARM64
		{F4E5DA05-6056-4DEC-8591-B74CA58D5A77}.Debug|ARM64.Deploy.0 = Debug|ARM64
		{F4E5DA05-6056-4DEC-8591-B74CA58D5A77}.Debug|x64.ActiveCfg = Debug|x64
		{F4E5DA05-6056-4DEC-8591-B74CA58D5A77}.Debug|x64.Build.0 = Debug|x64
		{F4E5DA05-6056-4DEC-8591-B74CA58D5A77}.Debug|x64.Deploy.0 = Debug|x64
		{F4E5DA05-6056-4DEC-8591-B74CA58D5A77}.Debug|x86.ActiveCfg = Debug|Win32
		{F4E5DA05-6056-4DEC-8591-B74CA58D5A77}.Debug|x86.Build.0 = Debug|Win32
		{F4E5DA05-6056-4DEC-8591-B74CA58D5A77}.Debug|x86.Deploy.0 = Debug|Win32
		{F4E5DA05-6056-4DEC-8591-B74CA58D5A77}.Release|ARM.ActiveCfg = Release|ARM
		{F4E5DA05-6056-4DEC-8591-B74CA58D5A77}.Release|ARM.Build.0 = Release|ARM
		{F4E5DA05-6056-4DEC-8591-B74CA58D5A77}.Release|ARM.Deploy.0 = Release|ARM
		{F4E5DA05-6056-4DEC-8591-B74CA58D5A77}.Release|ARM64.ActiveCfg = Release|ARM64
		{F4E5DA05-6056-4DEC-8591-B74CA58D5A77}.Release|ARM64.Build.0 = Release|ARM64
		{F4E5DA05-6056-4DEC-8591-B74CA58D5A77}.Release|ARM64.Deploy.0 = Release|ARM64
		{F4E5DA05-6056-4DEC-8591-B74CA58D5A77}.Release|x64.ActiveCfg = Release|x64
		{F4E5DA05-6056-4DEC-8591-B74CA58D5A77}.Release|x64.Build.0 = Release|x64
		{F4E5DA05-6056-4DEC-8591-B74CA58D5A77}.Release|x64.Deploy.0 = Release|x64
		{F4E5DA05-6056-4DEC-8591-B74CA58D5A77}.Release|x86.ActiveCfg = Release|Win32
		{F4E5DA05-6056-4DEC-8591-B74CA58D5A77}.Release|x86.Build.0 = Release|Win32
		{F4E5DA05-6056-4DEC-8591-B74CA58D5A77}.Release|x86.Deploy.0 = Release|Win32
		{BDCA797F-BB6A-4EE2-8A37-6F21D350E328}.Debug|ARM.ActiveCfg = Debug|ARM
		{BDCA797F-BB6A-4EE2-8A37-6F21D350E328}.Debug|ARM.Build.0 = Debug|ARM
		{BDCA797F-BB6A-4EE2-8A37-6F21D350E328}.Debug|ARM.Deploy.0 = Debug|ARM
		{BDCA797F-BB6A-4EE2-8A37-6F21D350E328}.Debug|ARM64.ActiveCfg = Debug|ARM64
		{BDCA797F-BB6A-4EE2-8A37-6F21D350E328}.Debug|ARM64.Build.0 = Debug|ARM64
		{BDCA797F-BB6A-4EE2-8A37-6F21D350E328}.Debug|ARM64.Deploy.0 = Debug|ARM64
		{BDCA797F-BB6A-4EE2-8A37-6F21D350E328}.Debug|x64.ActiveCfg = Debug|x64
		{BDCA797F-BB6A-4EE2-8A37-6F21D350E328}.Debug|x64.Build.0 = Debug|x64
		{BDCA797F-BB6A-4EE2-8A37-6F21D350E328}.Debug|x64.Deploy.0 = Debug|x64
		{BDCA797F-BB6A-4EE2-8A37-6F21D350E328}.Debug|x86.ActiveCfg = Debug|Win32
		{BDCA797F-BB6A-4EE2-8A37-6F21D350E328}.Debug|x86.Build.0 = Debug|Win32
		{BDCA797F-BB6A-4EE2-8A37-6F21D350E328}.Debug|x86.Deploy.0 = Debug|Win32
		{BDCA797F-BB6A-4EE2-8A37-6F21D350E328}.Release|ARM.ActiveCfg = Release|ARM
		{BDCA797F-BB6A-4EE2-8A37-6F21D350E328}.Release|ARM.Build.0 = Release|ARM
		{BDCA797F-BB6A-4EE2-8A37-6F21D350E328}.Release|ARM.Deploy.0 = Release|ARM
		{BDCA797F-BB6A-4EE2-8A37-6F21D350E328}.Release|ARM64.ActiveCfg = Release|ARM64
		{BDCA797F-BB6A-4EE2-8A37-6F21D350E328}.Release|ARM64.Build.0 = Release|ARM64
		{BDCA797F-BB6A-4EE2-8A37-6F21D350E328}.Release|ARM64.Deploy.0 = Release|ARM64
		{BDCA797F-BB6A-4EE2-8A37-6F21D350E328}.Release|x64.ActiveCfg = Release|x64
		{BDCA797F-BB6A-4EE2-8A37-6F21D350E328}.Release|x64.Build.0 = Release|x64
		{BDCA797F-BB6A-4EE2-8A37-6F21D350E328}.Release|x64.Deploy.0 = Release|x64
		{BDCA797F-BB6A-4EE2-8A37-6F21D350E328}.Release|x86.ActiveCfg = Release|Win32
		{BDCA797F-BB6A-4EE2-8A37-6F21D350E328}.Release|x86.Build.0 = Release|Win32
		{BDCA797F-BB6A-4EE2-8A37-6F21D350E328}.Release|x86.Deploy.0 = Release|Win32
		{E1D49F13-11F6-428E-A90C-52E3AAF6C0BC}.Debug|ARM.ActiveCfg = Debug|ARM
		{E1D49F13-11F6-428E-A90C-52E3AAF6C0BC}.Debug|ARM.Build.0 = Debug|ARM
		{E1D49F13-11F6-428E-A90C-52E3AAF6C0BC}.Debug|ARM.Deploy.0 = Debug|ARM
		{E1D49F13-11F6-428E-A90C-52E3AAF6C0BC}.Debug|ARM64.ActiveCfg = Debug|ARM64
		{E1D49F13-11F6-428E-A90C-52E3AAF6C0BC}.Debug|ARM64.Build.0 = Debug|ARM64
		{E1D49F13-11F6-428E-A90C-52E3AAF6C0BC}.Debug|ARM64.Deploy.0 = Debug|ARM64
		{E1D49F13-11F6-428E-A90C-52E3AAF6C0BC}.Debug|x64.ActiveCfg = Debug|x64
		{E1D49F13-11F6-428E-A90C-52E3AAF6C0BC}.Debug|x64.Build.0 = Debug|x64
		{E1D49F13-11F6-428E-A90C-52E3AAF6C0BC}.Debug|x64.Deploy.0 = Debug|x64
		{E1D49F13-11F6-428E-A90C-52E3AAF6C0BC}.Debug|x86.ActiveCfg = Debug|Win32
		{E1D49F13-11F6-428E-A90C-52E3AAF6C0BC}.Debug|x86.Build.0 = Debug|Win32
		{E1D49F13-11F6-428E-A90C-52E3AAF6C0BC}.Debug|x86.Deploy.0 = Debug|Win32
		{E1D49F13-11F6-428E-A90C-52E3AAF6C0BC}.Release|ARM.ActiveCfg = Release|ARM
		{E1D49F13-11F6-428E-A90C-52E3AAF6C0BC}.Release|ARM.Build.0 = Release|ARM
		{E1D49F13-11F6-428E-A90C-52E3AAF6C0BC}.Release|ARM.Deploy.0 = Release|ARM
		{E1D49F13-11F6-428E-A90C-52E3AAF6C0BC}.Release|ARM64.ActiveCfg = Release|ARM64
		{E1D49F13-11F6-428E-A90C-52E3AAF6C0BC}.Release|ARM64.Build.0 = Release|ARM64
		{E1D49F13-11F6-428E-A90C-52E3AAF6C0BC}.Release|ARM64.Deploy.0 = Release|ARM64
		{E1D49F13-11F6-428E-A90C-52E3AAF6C0BC}.Release|x64.ActiveCfg = Release|x64
		{E1D49F13-11F6-428E-A90C-52E3AAF6C0BC}.Release|x64.Build.0 = Release|x64
		{E1D49F13-11F6-428E-A90C-52E3AAF6C0BC}.Release|x64.Deploy.0 = Release|x64
		{E1D49F13-11F6-428E-A90C-52E3AAF6C0BC}.Release|x86.ActiveCfg = Release|Win32
		{E1D49F13-11F6-428E-A90C-52E3AAF6C0BC}.Release|x86.Build.0 = Release|Win32
		{E1D49F13-11F6-428E-A90C-52E3AAF6C0BC}.Release|x86.Deploy.0 = Release|Win32
		{BEF260BF-AF49-4DD5-ADB4-F5DBF7359AC1}.Debug|ARM.ActiveCfg = Debug|Win32
		{BEF260BF-AF49-4DD5-ADB4-F5DBF7359AC1}.Debug|ARM64.ActiveCfg = Debug|Win32
		{BEF260BF-AF49-4DD5-ADB4-F5DBF7359AC1}.Debug|x64.ActiveCfg = Debug|x64
		{BEF260BF-AF49-4DD5-ADB4-F5DBF7359AC1}.Debug|x64.Build.0 = Debug|x64
		{BEF260BF-AF49-4DD5-ADB4-F5DBF7359AC1}.Debug|x86.ActiveCfg = Debug|Win32
		{BEF260BF-AF49-4DD5-ADB4-F5DBF7359AC1}.Debug|x86.Build.0 = Debug|Win32
		{BEF260BF-AF49-4DD5-ADB4-F5DBF7359AC1}.Release|ARM.ActiveCfg = Release|Win32
		{BEF260BF-AF49-4DD5-ADB4-F5DBF7359AC1}.Release|ARM64.ActiveCfg = Release|Win32
		{BEF260BF-AF49-4DD5-ADB4-F5DBF7359AC1}.Release|x64.ActiveCfg = Release|x64
		{BEF260BF-AF49-4DD5-ADB4-F5DBF7359AC1}.Release|x64.Build.0 = Release|x64
		{BEF260BF-AF49-4DD5-ADB4-F5DBF7359AC1}.Release|x86.ActiveCfg = Release|Win32
		{BEF260BF-AF49-4DD5-ADB4-F5DBF7359AC1}.Release|x86.Build.0 = Release|Win32
		{CF833A22-E5A6-45C8-B6CE-0E0B3CBBD933}.Debug|ARM.ActiveCfg = Debug|ARM
		{CF833A22-E5A6-45C8-B6CE-0E0B3CBBD933}.Debug|ARM.Build.0 = Debug|ARM
		{CF833A22-E5A6-45C8-B6CE-0E0B3CBBD933}.Debug|ARM.Deploy.0 = Debug|ARM
		{CF833A22-E5A6-45C8-B6CE-0E0B3CBBD933}.Debug|ARM64.ActiveCfg = Debug|ARM64
		{CF833A22-E5A6-45C8-B6CE-0E0B3CBBD933}.Debug|ARM64.Build.0 = Debug|ARM64
		{CF833A22-E5A6-45C8-B6CE-0E0B3CBBD933}.Debug|ARM64.Deploy.0 = Debug|ARM64
		{CF833A22-E5A6-45C8-B6CE-0E0B3CBBD933}.Debug|x64.ActiveCfg = Debug|x64
		{CF833A22-E5A6-45C8-B6CE-0E0B3CBBD933}.Debug|x64.Build.0 = Debug|x64
		{CF833A22-E5A6-45C8-B6CE-0E0B3CBBD933}.Debug|x64.Deploy.0 = Debug|x64
		{CF833A22-E5A6-45C8-B6CE-0E0B3CBBD933}.Debug|x86.ActiveCfg = Debug|Win32
		{CF833A22-E5A6-45C8-B6CE-0E0B3CBBD933}.Debug|x86.Build.0 = Debug|Win32
		{CF833A22-E5A6-45C8-B6CE-0E0B3CBBD933}.Debug|x86.Deploy.0 = Debug|Win32
		{CF833A22-E5A6-45C8-B6CE-0E0B3CBBD933}.Release|ARM.ActiveCfg = Release|ARM
		{CF833A22-E5A6-45C8-B6CE-0E0B3CBBD933}.Release|ARM.Build.0 = Release|ARM
		{CF833A22-E5A6-45C8-B6CE-0E0B3CBBD933}.Release|ARM.Deploy.0 = Release|ARM
		{CF833A22-E5A6-45C8-B6CE-0E0B3CBBD933}.Release|ARM64.ActiveCfg = Release|ARM64
		{CF833A22-E5A6-45C8-B6CE-0E0B3CBBD933}.Release|ARM64.Build.0 = Release|ARM64
		{CF833A22-E5A6-45C8-B6CE-0E0B3CBBD933}.Release|ARM64.Deploy.0 = Release|ARM64
		{CF833A22-E5A6-45C8-B6CE-0E0B3CBBD933}.Release|x64.ActiveCfg = Release|x64
		{CF833A22-E5A6-45C8-B6CE-0E0B3CBBD933}.Release|x64.Build.0 = Release|x64
		{CF833A22-E5A6-45C8-B6CE-0E0B3CBBD933}.Release|x64.Deploy.0 = Release|x64
		{CF833A22-E5A6-45C8-B6CE-0E0B3CBBD933}.Release|x86.ActiveCfg = Release|Win32
		{CF833A22-E5A6-45C8-B6CE-0E0B3CBBD933}.Release|x86.Build.0 = Release|Win32
		{CF833A22-E5A6-45C8-B6CE-0E0B3CBBD933}.Release|x86.Deploy.0 = Release|Win32
		{6473FB6A-B9CE-4B1C-957A-8B42E9E180B9}.Debug|ARM.ActiveCfg = Debug|ARM
		{6473FB6A-B9CE-4B1C-957A-8B42E9E180B9}.Debug|ARM.Build.0 = Debug|ARM
		{6473FB6A-B9CE-4B1C-957A-8B42E9E180B9}.Debug|ARM.Deploy.0 = Debug|ARM
		{6473FB6A-B9CE-4B1C-957A-8B42E9E180B9}.Debug|ARM64.ActiveCfg = Debug|ARM64
		{6473FB6A-B9CE-4B1C-957A-8B42E9E180B9}.Debug|ARM64.Build.0 = Debug|ARM64
		{6473FB6A-B9CE-4B1C-957A-8B42E9E180B9}.Debug|ARM64.Deploy.0 = Debug|ARM64
		{6473FB6A-B9CE-4B1C-957A-8B42E9E180B9}.Debug|x64.ActiveCfg = Debug|x64
		{6473FB6A-B9CE-4B1C-957A-8B42E9E180B9}.Debug|x64.Build.0 = Debug|x64
		{6473FB6A-B9CE-4B1C-957A-8B42E9E180B9}.Debug|x64.Deploy.0 = Debug|x64
		{6473FB6A-B9CE-4B1C-957A-8B42E9E180B9}.Debug|x86.ActiveCfg = Debug|Win32
		{6473FB6A-B9CE-4B1C-957A-8B42E9E180B9}.Debug|x86.Build.0 = Debug|Win32
		{6473FB6A-B9CE-4B1C-957A-8B42E9E180B9}.Debug|x86.Deploy.0 = Debug|Win32
		{6473FB6A-B9CE-4B1C-957A-8B42E9E180B9}.Release|ARM.ActiveCfg = Release|ARM
		{6473FB6A-B9CE-4B1C-957A-8B42E9E180B9}.Release|ARM.Build.0 = Release|ARM
		{6473FB6A-B9CE-4B1C-957A-8B42E9E180B9}.Release|ARM.Deploy.0 = Release|ARM
		{6473FB6A-B9CE-4B1C-957A-8B42E9E180B9}.Release|ARM64.ActiveCfg = Release|ARM64
		{6473FB6A-B9CE-4B1C-957A-8B42E9E180B9}.Release|ARM64.Build.0 = Release|ARM64
		{6473FB6A-B9CE-4B1C-957A-8B42E9E180B9}.Release|ARM64.Deploy.0 = Release|ARM64
		{6473FB6A-B9CE-4B1C-957A-8B42E9E180B9}.Release|x64.ActiveCfg = Release|x64
		{6473FB6A-B9CE-4B1C-957A-8B42E9E180B9}.Release|x64.Build.0 = Release|x64
		{6473FB6A-B9CE-4B1C-957A-8B42E9E180B9}.Release|x64.Deploy.0 = Release|x64
		{6473FB6A-B9CE-4B1C-957A-8B42E9E180B9}.Release|x86.ActiveCfg = Release|Win32
		{6473FB6A-B9CE-4B1C-957A-8B42E9E180B9}.Release|x86.Build.0 = Release|Win32
		{6473FB6A-B9CE-4B1C-957A-8B42E9E180B9}.Release|x86.Deploy.0 = Release|Win32
	EndGlobalSection
	GlobalSection(SolutionProperties) = preSolution
		HideSolutionNode = FALSE
	EndGlobalSection
	GlobalSection(ExtensibilityGlobals) = postSolution
		SolutionGuid = {C74B6560-DD53-474E-9F90-029E3BD4CA09}
	EndGlobalSection
EndGlobal
